name: Lock or unlock

on:
  push:
    branches: ["main"]
  workflow_dispatch:
    inputs:
      mode:
        description: Choose "lock" or "unlock"
        required: true
        default: unlock
        type: choice
        options:
          - unlock
          - lock
      reason:
        description: The reason for the "lock." This is not used with the "unlock" mode.
        required: false

jobs:
  lock-or-unlock:
    runs-on: ubuntu-latest
    steps:
      - name: Determine which mode should perform
        id: meta
        run: |
          echo "mode=${{ inputs.mode || 'lock' }}" >> $GITHUB_OUTPUT
          if [[ '${{ inputs.reason }}' == '' ]]; then
            echo "reason=@${{ github.triggering_actor }} is locking this repository 🔒" >> $GITHUB_OUTPUT
          else
            echo "reason=${{ inputs.reason }}" >> $GITHUB_OUTPUT
          fi
      - name: Lock
        if: steps.meta.outputs.mode == 'lock'
        run: |
          echo '{"contexts":["[LOCKED] ${{ steps.meta.outputs.reason }}"]}' | \
            gh api -X POST repos/${{ github.repository }}/branches/main/protection/required_status_checks/contexts --input -
        env:
          GITHUB_TOKEN: ${{ secrets.PAT }}
      - name: Unock
        if: steps.meta.outputs.mode == 'unlock'
        run: |
          context=$(gh api repos/${{ github.repository }}/branches/main/protection/required_status_checks/contexts --jq '.[]' | grep '[LOCKED]')
          if [[ -n "$context" ]]; then
            echo "{\"contexts\":[\"${context}\"]}" | gh api -X DELETE repos/${{ github.repository }}/branches/main/protection/required_status_checks/contexts --input -
          fi
        env:
          GITHUB_TOKEN: ${{ secrets.PAT }}
